# THIS IS AN AUTOGENERATED FILE. DO NOT EDIT THIS FILE DIRECTLY.
# yarn lockfile v1


"@tauri-apps/cli-darwin-arm64@1.6.1":
  version "1.6.1"
  resolved "https://registry.yarnpkg.com/@tauri-apps/cli-darwin-arm64/-/cli-darwin-arm64-1.6.1.tgz#a68818c14c0c4c0d799e006c3535c2cd33f0d13d"
  integrity sha512-n+16Z9qQksBmY55Xwful8GGrw2dlyeqKPsjuNcwKUgVB5a4gIq6K6uUsbhwMUMUA3gqewQMBn44QXbSe5qNKfA==

"@tauri-apps/cli-darwin-x64@1.6.1":
  version "1.6.1"
  resolved "https://registry.yarnpkg.com/@tauri-apps/cli-darwin-x64/-/cli-darwin-x64-1.6.1.tgz#4ee16b535ed1f68104928dad3276a9247af8a5b1"
  integrity sha512-OHzm6qiywv0GEwBDowlzLSuztKE85NMxp2loVynQ4vDoVk6V0jMtQy/N9YvYA0BetvfNTuuAiz3hsTkMHMYm+g==

"@tauri-apps/cli-linux-arm-gnueabihf@1.6.1":
  version "1.6.1"
  resolved "https://registry.yarnpkg.com/@tauri-apps/cli-linux-arm-gnueabihf/-/cli-linux-arm-gnueabihf-1.6.1.tgz#367ef65606897be94b4b562e8388da1b1fa17134"
  integrity sha512-ZA4ByaiZbrXUbhaoWUVab4lHI2yI1/ucrRO6b9pky6ytgqx37hA/YOWoctD0yaf5giQJQZw160euaBIUOKzRXA==

"@tauri-apps/cli-linux-arm64-gnu@1.6.1":
  version "1.6.1"
  resolved "https://registry.yarnpkg.com/@tauri-apps/cli-linux-arm64-gnu/-/cli-linux-arm64-gnu-1.6.1.tgz#e6bb234c14e5969b1ddd267bc1666f61a091788d"
  integrity sha512-VBU4GRJPU9jzzeqaEGLHAJzqQhpl7WnRFyHPR8Qby0D17av3CClJ7nBa+CI3ob3JbIERfJM9kwFHdY9eQpfxnw==

"@tauri-apps/cli-linux-arm64-musl@1.6.1":
  version "1.6.1"
  resolved "https://registry.yarnpkg.com/@tauri-apps/cli-linux-arm64-musl/-/cli-linux-arm64-musl-1.6.1.tgz#55190ff858eb49f0a4f9973bd36055ae8eb6f113"
  integrity sha512-gyMgNZ8fwQFYzrIiHwhmKECkbuAZtzsRyl+bi1Ua11XVWYVUpY8+cNp7Y5ilMJ9AwNFI/HFKjzzua9r+e9FNzw==

"@tauri-apps/cli-linux-x64-gnu@1.6.1":
  version "1.6.1"
  resolved "https://registry.yarnpkg.com/@tauri-apps/cli-linux-x64-gnu/-/cli-linux-x64-gnu-1.6.1.tgz#c0861daf49fd1d308c605187ac996b4c6f952079"
  integrity sha512-aYLjLXEBcOf4GUrLBZRQcoLSL3KgCKHwfAyGmTilH4juAw42ZaAYWIZwa59hp2kC4w1XrlmwAzGpi1RESBr5Mw==

"@tauri-apps/cli-linux-x64-musl@1.6.1":
  version "1.6.1"
  resolved "https://registry.yarnpkg.com/@tauri-apps/cli-linux-x64-musl/-/cli-linux-x64-musl-1.6.1.tgz#001ac261fdc8655d723902e4b0863e7275666269"
  integrity sha512-j1M7ovICUrBDbrH8CNUwbMe0zk0/IAR7MXRv5PEanktAZ1w/LG3nlO/AhY5/Cbqqo3ziKTcMpe6x0j3aE8jYOA==

"@tauri-apps/cli-win32-arm64-msvc@1.6.1":
  version "1.6.1"
  resolved "https://registry.yarnpkg.com/@tauri-apps/cli-win32-arm64-msvc/-/cli-win32-arm64-msvc-1.6.1.tgz#a3a69a5a82e44e48880d7f198297d206f21a6f06"
  integrity sha512-yCGT1jXHvZtu+yYPDmDOJDfgsj5EKdBPvya+kmN03BmLfOF+8EWHA9s6yXUdk9pSr6M9OQS0SXocbGDOu5AkMw==

"@tauri-apps/cli-win32-ia32-msvc@1.6.1":
  version "1.6.1"
  resolved "https://registry.yarnpkg.com/@tauri-apps/cli-win32-ia32-msvc/-/cli-win32-ia32-msvc-1.6.1.tgz#2da0ec7b3e0e464347df306dfe8aae974b42d1ac"
  integrity sha512-klAt+KNcczC4gxz9vm6tSvFB4iyXVj4r+TtDVhStLCKkAZOVm0ZsFym1kDzltxrB/3xSjgzsgIiEJydN2cP7xw==

"@tauri-apps/cli-win32-x64-msvc@1.6.1":
  version "1.6.1"
  resolved "https://registry.yarnpkg.com/@tauri-apps/cli-win32-x64-msvc/-/cli-win32-x64-msvc-1.6.1.tgz#b197d6070173d018bb288013d49e6b270b7f13d7"
  integrity sha512-WEzQzBgcaqjZoA5M/KOupHmt8W3QQ20vwETXpGEMPd7spj4eZsRv/2ZDuCz4ELbai1XlIsTITFNe2LlJjzqISA==

"@tauri-apps/cli@^1.6.1":
  version "1.6.1"
  resolved "https://registry.yarnpkg.com/@tauri-apps/cli/-/cli-1.6.1.tgz#b72ded7fda88daeec96c9e60c61a1b8250b9c4b6"
  integrity sha512-2S8WGmkz54Z9WxpaFVbUYsTiwx5OIEmdD5DDWRygX9VhaWwZg0y6DctsUtCRVre9I/Un/hTnmqkhZqPamCEx8A==
  optionalDependencies:
    "@tauri-apps/cli-darwin-arm64" "1.6.1"
    "@tauri-apps/cli-darwin-x64" "1.6.1"
    "@tauri-apps/cli-linux-arm-gnueabihf" "1.6.1"
    "@tauri-apps/cli-linux-arm64-gnu" "1.6.1"
    "@tauri-apps/cli-linux-arm64-musl" "1.6.1"
    "@tauri-apps/cli-linux-x64-gnu" "1.6.1"
    "@tauri-apps/cli-linux-x64-musl" "1.6.1"
    "@tauri-apps/cli-win32-arm64-msvc" "1.6.1"
    "@tauri-apps/cli-win32-ia32-msvc" "1.6.1"
    "@tauri-apps/cli-win32-x64-msvc" "1.6.1"
